
Microsoft Visual Studio Solution File, Format Version 12.00
# Visual Studio Version 17
VisualStudioVersion = 17.10.35027.167
MinimumVisualStudioVersion = 10.0.40219.1
Project("{9A19103F-16F7-4668-BE54-9A1E7A4F7556}") = "Zivver.App", "Zivver.App\Zivver.App.csproj", "{96A9897D-2002-473E-BDE0-BCB8501A1669}"
EndProject
Project("{9A19103F-16F7-4668-BE54-9A1E7A4F7556}") = "Zivver.Repository", "Zivver.Repository\Zivver.Repository.csproj", "{010B6415-25DD-467B-8F40-C0578E42A9C3}"
EndProject
Project("{9A19103F-16F7-4668-BE54-9A1E7A4F7556}") = "Zivver.Service", "Zivver.Service\Zivver.Service.csproj", "{A38297B7-5F00-4B77-9F66-EB1E4459290A}"
EndProject
Project("{FAE04EC0-301F-11D3-BF4B-00C04F79EFBC}") = "Zivver.Test", "Zivver.Test\Zivver.Test.csproj", "{28FCD69D-D6DB-42F2-9B90-1CBFB17270EB}"
EndProject
Global
	GlobalSection(SolutionConfigurationPlatforms) = preSolution
		Debug|Any CPU = Debug|Any CPU
		Release|Any CPU = Release|Any CPU
	EndGlobalSection
	GlobalSection(ProjectConfigurationPlatforms) = postSolution
		{96A9897D-2002-473E-BDE0-BCB8501A1669}.Debug|Any CPU.ActiveCfg = Debug|Any CPU
		{96A9897D-2002-473E-BDE0-BCB8501A1669}.Debug|Any CPU.Build.0 = Debug|Any CPU
		{96A9897D-2002-473E-BDE0-BCB8501A1669}.Release|Any CPU.ActiveCfg = Release|Any CPU
		{96A9897D-2002-473E-BDE0-BCB8501A1669}.Release|Any CPU.Build.0 = Release|Any CPU
		{010B6415-25DD-467B-8F40-C0578E42A9C3}.Debug|Any CPU.ActiveCfg = Debug|Any CPU
		{010B6415-25DD-467B-8F40-C0578E42A9C3}.Debug|Any CPU.Build.0 = Debug|Any CPU
		{010B6415-25DD-467B-8F40-C0578E42A9C3}.Release|Any CPU.ActiveCfg = Release|Any CPU
		{010B6415-25DD-467B-8F40-C0578E42A9C3}.Release|Any CPU.Build.0 = Release|Any CPU
		{A38297B7-5F00-4B77-9F66-EB1E4459290A}.Debug|Any CPU.ActiveCfg = Debug|Any CPU
		{A38297B7-5F00-4B77-9F66-EB1E4459290A}.Debug|Any CPU.Build.0 = Debug|Any CPU
		{A38297B7-5F00-4B77-9F66-EB1E4459290A}.Release|Any CPU.ActiveCfg = Release|Any CPU
		{A38297B7-5F00-4B77-9F66-EB1E4459290A}.Release|Any CPU.Build.0 = Release|Any CPU
		{28FCD69D-D6DB-42F2-9B90-1CBFB17270EB}.Debug|Any CPU.ActiveCfg = Debug|Any CPU
		{28FCD69D-D6DB-42F2-9B90-1CBFB17270EB}.Debug|Any CPU.Build.0 = Debug|Any CPU
		{28FCD69D-D6DB-42F2-9B90-1CBFB17270EB}.Release|Any CPU.ActiveCfg = Release|Any CPU
		{28FCD69D-D6DB-42F2-9B90-1CBFB17270EB}.Release|Any CPU.Build.0 = Release|Any CPU
	EndGlobalSection
	GlobalSection(SolutionProperties) = preSolution
		HideSolutionNode = FALSE
	EndGlobalSection
	GlobalSection(ExtensibilityGlobals) = postSolution
		SolutionGuid = {4DE4FA39-29FF-4932-9328-334284500ADA}
	EndGlobalSection
EndGlobal
